
Microsoft Visual Studio Solution File, Format Version 12.00
# Visual Studio 15
VisualStudioVersion = 15.0.27130.2024
MinimumVisualStudioVersion = 10.0.40219.1
Project("{9A19103F-16F7-4668-BE54-9A1E7A4F7556}") = "UrlFilter.Tests", "tests\UrlFilter.Tests\UrlFilter.Tests.csproj", "{33684405-DF3B-4FEA-8AB6-43DF8D761A7F}"
EndProject
Project("{9A19103F-16F7-4668-BE54-9A1E7A4F7556}") = "UrlFilter", "src\UrlFilter\UrlFilter.csproj", "{B40429D0-DBD5-4690-82F0-1CBD9EC585CB}"
EndProject
Global
	GlobalSection(SolutionConfigurationPlatforms) = preSolution
		Debug|Any CPU = Debug|Any CPU
		Release|Any CPU = Release|Any CPU
	EndGlobalSection
	GlobalSection(ProjectConfigurationPlatforms) = postSolution
		{33684405-DF3B-4FEA-8AB6-43DF8D761A7F}.Debug|Any CPU.ActiveCfg = Debug|Any CPU
		{33684405-DF3B-4FEA-8AB6-43DF8D761A7F}.Debug|Any CPU.Build.0 = Debug|Any CPU
		{33684405-DF3B-4FEA-8AB6-43DF8D761A7F}.Release|Any CPU.ActiveCfg = Release|Any CPU
		{33684405-DF3B-4FEA-8AB6-43DF8D761A7F}.Release|Any CPU.Build.0 = Release|Any CPU
		{B40429D0-DBD5-4690-82F0-1CBD9EC585CB}.Debug|Any CPU.ActiveCfg = Debug|Any CPU
		{B40429D0-DBD5-4690-82F0-1CBD9EC585CB}.Debug|Any CPU.Build.0 = Debug|Any CPU
		{B40429D0-DBD5-4690-82F0-1CBD9EC585CB}.Release|Any CPU.ActiveCfg = Release|Any CPU
		{B40429D0-DBD5-4690-82F0-1CBD9EC585CB}.Release|Any CPU.Build.0 = Release|Any CPU
	EndGlobalSection
	GlobalSection(SolutionProperties) = preSolution
		HideSolutionNode = FALSE
	EndGlobalSection
	GlobalSection(ExtensibilityGlobals) = postSolution
		SolutionGuid = {43C1DEC7-3DA9-4E3B-B72B-48C05DC18E9F}
	EndGlobalSection
EndGlobal
